
Microsoft Visual Studio Solution File, Format Version 12.00
# Visual Studio 15
VisualStudioVersion = 15.0.27428.2037
MinimumVisualStudioVersion = 10.0.40219.1
Project("{F184B08F-C81C-45F6-A57F-5ABD9991F28F}") = "BE", "BE\BE.vbproj", "{E7657BEF-8085-47F3-BB27-ABB45DEAD082}"
EndProject
Project("{F184B08F-C81C-45F6-A57F-5ABD9991F28F}") = "BLL", "BLL\BLL.vbproj", "{27304B51-91F8-4A7B-9F20-5BA8174822C1}"
EndProject
Project("{F184B08F-C81C-45F6-A57F-5ABD9991F28F}") = "DAL", "DAL\DAL.vbproj", "{CF701F1C-DF57-45D0-B2BE-C843BE71D64D}"
EndProject
Project("{F184B08F-C81C-45F6-A57F-5ABD9991F28F}") = "MPP", "MPP\MPP.vbproj", "{A04B1CA7-3E7F-4B44-BF2D-92A8DCA21542}"
EndProject
Project("{F184B08F-C81C-45F6-A57F-5ABD9991F28F}") = "GUI", "GUI\GUI.vbproj", "{99C194B7-3A1F-43C5-B3E6-AD465237B5C5}"
EndProject
Global
	GlobalSection(SolutionConfigurationPlatforms) = preSolution
		Debug|Any CPU = Debug|Any CPU
		Debug|ARM = Debug|ARM
		Debug|x64 = Debug|x64
		Debug|x86 = Debug|x86
		Release|Any CPU = Release|Any CPU
		Release|ARM = Release|ARM
		Release|x64 = Release|x64
		Release|x86 = Release|x86
	EndGlobalSection
	GlobalSection(ProjectConfigurationPlatforms) = postSolution
		{E7657BEF-8085-47F3-BB27-ABB45DEAD082}.Debug|Any CPU.ActiveCfg = Debug|Any CPU
		{E7657BEF-8085-47F3-BB27-ABB45DEAD082}.Debug|Any CPU.Build.0 = Debug|Any CPU
		{E7657BEF-8085-47F3-BB27-ABB45DEAD082}.Debug|ARM.ActiveCfg = Debug|Any CPU
		{E7657BEF-8085-47F3-BB27-ABB45DEAD082}.Debug|ARM.Build.0 = Debug|Any CPU
		{E7657BEF-8085-47F3-BB27-ABB45DEAD082}.Debug|x64.ActiveCfg = Debug|Any CPU
		{E7657BEF-8085-47F3-BB27-ABB45DEAD082}.Debug|x64.Build.0 = Debug|Any CPU
		{E7657BEF-8085-47F3-BB27-ABB45DEAD082}.Debug|x86.ActiveCfg = Debug|Any CPU
		{E7657BEF-8085-47F3-BB27-ABB45DEAD082}.Debug|x86.Build.0 = Debug|Any CPU
		{E7657BEF-8085-47F3-BB27-ABB45DEAD082}.Release|Any CPU.ActiveCfg = Release|Any CPU
		{E7657BEF-8085-47F3-BB27-ABB45DEAD082}.Release|Any CPU.Build.0 = Release|Any CPU
		{E7657BEF-8085-47F3-BB27-ABB45DEAD082}.Release|ARM.ActiveCfg = Release|Any CPU
		{E7657BEF-8085-47F3-BB27-ABB45DEAD082}.Release|ARM.Build.0 = Release|Any CPU
		{E7657BEF-8085-47F3-BB27-ABB45DEAD082}.Release|x64.ActiveCfg = Release|Any CPU
		{E7657BEF-8085-47F3-BB27-ABB45DEAD082}.Release|x64.Build.0 = Release|Any CPU
		{E7657BEF-8085-47F3-BB27-ABB45DEAD082}.Release|x86.ActiveCfg = Release|Any CPU
		{E7657BEF-8085-47F3-BB27-ABB45DEAD082}.Release|x86.Build.0 = Release|Any CPU
		{27304B51-91F8-4A7B-9F20-5BA8174822C1}.Debug|Any CPU.ActiveCfg = Debug|Any CPU
		{27304B51-91F8-4A7B-9F20-5BA8174822C1}.Debug|Any CPU.Build.0 = Debug|Any CPU
		{27304B51-91F8-4A7B-9F20-5BA8174822C1}.Debug|ARM.ActiveCfg = Debug|Any CPU
		{27304B51-91F8-4A7B-9F20-5BA8174822C1}.Debug|ARM.Build.0 = Debug|Any CPU
		{27304B51-91F8-4A7B-9F20-5BA8174822C1}.Debug|x64.ActiveCfg = Debug|Any CPU
		{27304B51-91F8-4A7B-9F20-5BA8174822C1}.Debug|x64.Build.0 = Debug|Any CPU
		{27304B51-91F8-4A7B-9F20-5BA8174822C1}.Debug|x86.ActiveCfg = Debug|Any CPU
		{27304B51-91F8-4A7B-9F20-5BA8174822C1}.Debug|x86.Build.0 = Debug|Any CPU
		{27304B51-91F8-4A7B-9F20-5BA8174822C1}.Release|Any CPU.ActiveCfg = Release|Any CPU
		{27304B51-91F8-4A7B-9F20-5BA8174822C1}.Release|Any CPU.Build.0 = Release|Any CPU
		{27304B51-91F8-4A7B-9F20-5BA8174822C1}.Release|ARM.ActiveCfg = Release|Any CPU
		{27304B51-91F8-4A7B-9F20-5BA8174822C1}.Release|ARM.Build.0 = Release|Any CPU
		{27304B51-91F8-4A7B-9F20-5BA8174822C1}.Release|x64.ActiveCfg = Release|Any CPU
		{27304B51-91F8-4A7B-9F20-5BA8174822C1}.Release|x64.Build.0 = Release|Any CPU
		{27304B51-91F8-4A7B-9F20-5BA8174822C1}.Release|x86.ActiveCfg = Release|Any CPU
		{27304B51-91F8-4A7B-9F20-5BA8174822C1}.Release|x86.Build.0 = Release|Any CPU
		{CF701F1C-DF57-45D0-B2BE-C843BE71D64D}.Debug|Any CPU.ActiveCfg = Debug|Any CPU
		{CF701F1C-DF57-45D0-B2BE-C843BE71D64D}.Debug|Any CPU.Build.0 = Debug|Any CPU
		{CF701F1C-DF57-45D0-B2BE-C843BE71D64D}.Debug|ARM.ActiveCfg = Debug|Any CPU
		{CF701F1C-DF57-45D0-B2BE-C843BE71D64D}.Debug|ARM.Build.0 = Debug|Any CPU
		{CF701F1C-DF57-45D0-B2BE-C843BE71D64D}.Debug|x64.ActiveCfg = Debug|Any CPU
		{CF701F1C-DF57-45D0-B2BE-C843BE71D64D}.Debug|x64.Build.0 = Debug|Any CPU
		{CF701F1C-DF57-45D0-B2BE-C843BE71D64D}.Debug|x86.ActiveCfg = Debug|Any CPU
		{CF701F1C-DF57-45D0-B2BE-C843BE71D64D}.Debug|x86.Build.0 = Debug|Any CPU
		{CF701F1C-DF57-45D0-B2BE-C843BE71D64D}.Release|Any CPU.ActiveCfg = Release|Any CPU
		{CF701F1C-DF57-45D0-B2BE-C843BE71D64D}.Release|Any CPU.Build.0 = Release|Any CPU
		{CF701F1C-DF57-45D0-B2BE-C843BE71D64D}.Release|ARM.ActiveCfg = Release|Any CPU
		{CF701F1C-DF57-45D0-B2BE-C843BE71D64D}.Release|ARM.Build.0 = Release|Any CPU
		{CF701F1C-DF57-45D0-B2BE-C843BE71D64D}.Release|x64.ActiveCfg = Release|Any CPU
		{CF701F1C-DF57-45D0-B2BE-C843BE71D64D}.Release|x64.Build.0 = Release|Any CPU
		{CF701F1C-DF57-45D0-B2BE-C843BE71D64D}.Release|x86.ActiveCfg = Release|Any CPU
		{CF701F1C-DF57-45D0-B2BE-C843BE71D64D}.Release|x86.Build.0 = Release|Any CPU
		{A04B1CA7-3E7F-4B44-BF2D-92A8DCA21542}.Debug|Any CPU.ActiveCfg = Debug|Any CPU
		{A04B1CA7-3E7F-4B44-BF2D-92A8DCA21542}.Debug|Any CPU.Build.0 = Debug|Any CPU
		{A04B1CA7-3E7F-4B44-BF2D-92A8DCA21542}.Debug|ARM.ActiveCfg = Debug|Any CPU
		{A04B1CA7-3E7F-4B44-BF2D-92A8DCA21542}.Debug|ARM.Build.0 = Debug|Any CPU
		{A04B1CA7-3E7F-4B44-BF2D-92A8DCA21542}.Debug|x64.ActiveCfg = Debug|Any CPU
		{A04B1CA7-3E7F-4B44-BF2D-92A8DCA21542}.Debug|x64.Build.0 = Debug|Any CPU
		{A04B1CA7-3E7F-4B44-BF2D-92A8DCA21542}.Debug|x86.ActiveCfg = Debug|Any CPU
		{A04B1CA7-3E7F-4B44-BF2D-92A8DCA21542}.Debug|x86.Build.0 = Debug|Any CPU
		{A04B1CA7-3E7F-4B44-BF2D-92A8DCA21542}.Release|Any CPU.ActiveCfg = Release|Any CPU
		{A04B1CA7-3E7F-4B44-BF2D-92A8DCA21542}.Release|Any CPU.Build.0 = Release|Any CPU
		{A04B1CA7-3E7F-4B44-BF2D-92A8DCA21542}.Release|ARM.ActiveCfg = Release|Any CPU
		{A04B1CA7-3E7F-4B44-BF2D-92A8DCA21542}.Release|ARM.Build.0 = Release|Any CPU
		{A04B1CA7-3E7F-4B44-BF2D-92A8DCA21542}.Release|x64.ActiveCfg = Release|Any CPU
		{A04B1CA7-3E7F-4B44-BF2D-92A8DCA21542}.Release|x64.Build.0 = Release|Any CPU
		{A04B1CA7-3E7F-4B44-BF2D-92A8DCA21542}.Release|x86.ActiveCfg = Release|Any CPU
		{A04B1CA7-3E7F-4B44-BF2D-92A8DCA21542}.Release|x86.Build.0 = Release|Any CPU
		{99C194B7-3A1F-43C5-B3E6-AD465237B5C5}.Debug|Any CPU.ActiveCfg = Debug|Any CPU
		{99C194B7-3A1F-43C5-B3E6-AD465237B5C5}.Debug|Any CPU.Build.0 = Debug|Any CPU
		{99C194B7-3A1F-43C5-B3E6-AD465237B5C5}.Debug|ARM.ActiveCfg = Debug|Any CPU
		{99C194B7-3A1F-43C5-B3E6-AD465237B5C5}.Debug|ARM.Build.0 = Debug|Any CPU
		{99C194B7-3A1F-43C5-B3E6-AD465237B5C5}.Debug|x64.ActiveCfg = Debug|Any CPU
		{99C194B7-3A1F-43C5-B3E6-AD465237B5C5}.Debug|x64.Build.0 = Debug|Any CPU
		{99C194B7-3A1F-43C5-B3E6-AD465237B5C5}.Debug|x86.ActiveCfg = Debug|Any CPU
		{99C194B7-3A1F-43C5-B3E6-AD465237B5C5}.Debug|x86.Build.0 = Debug|Any CPU
		{99C194B7-3A1F-43C5-B3E6-AD465237B5C5}.Release|Any CPU.ActiveCfg = Release|Any CPU
		{99C194B7-3A1F-43C5-B3E6-AD465237B5C5}.Release|Any CPU.Build.0 = Release|Any CPU
		{99C194B7-3A1F-43C5-B3E6-AD465237B5C5}.Release|ARM.ActiveCfg = Release|Any CPU
		{99C194B7-3A1F-43C5-B3E6-AD465237B5C5}.Release|ARM.Build.0 = Release|Any CPU
		{99C194B7-3A1F-43C5-B3E6-AD465237B5C5}.Release|x64.ActiveCfg = Release|Any CPU
		{99C194B7-3A1F-43C5-B3E6-AD465237B5C5}.Release|x64.Build.0 = Release|Any CPU
		{99C194B7-3A1F-43C5-B3E6-AD465237B5C5}.Release|x86.ActiveCfg = Release|Any CPU
		{99C194B7-3A1F-43C5-B3E6-AD465237B5C5}.Release|x86.Build.0 = Release|Any CPU
	EndGlobalSection
	GlobalSection(SolutionProperties) = preSolution
		HideSolutionNode = FALSE
	EndGlobalSection
	GlobalSection(ExtensibilityGlobals) = postSolution
		SolutionGuid = {4D5B6491-390B-4E2E-BFA3-67E749421EA5}
	EndGlobalSection
EndGlobal
